
Microsoft Visual Studio Solution File, Format Version 12.00
# Visual Studio 14
VisualStudioVersion = 14.0.25123.0
MinimumVisualStudioVersion = 10.0.40219.1
Project("{8BC9CEB8-8B4A-11D0-8D11-00A0C91BC942}") = "Super Roomba", "Super Roomba\Super Roomba.vcxproj", "{C83BBFD6-AF22-4B68-98C5-4ACDA7A07E73}"
EndProject
Project("{8BC9CEB8-8B4A-11D0-8D11-00A0C91BC942}") = "libsuperroomba", "libsuperroomba\libsuperroomba.vcxproj", "{38BEB8AF-5889-4D4A-B04B-673137A33FA2}"
EndProject
Global
	GlobalSection(SolutionConfigurationPlatforms) = preSolution
		Debug|x64 = Debug|x64
		Debug|x86 = Debug|x86
		Release|x64 = Release|x64
		Release|x86 = Release|x86
	EndGlobalSection
	GlobalSection(ProjectConfigurationPlatforms) = postSolution
		{C83BBFD6-AF22-4B68-98C5-4ACDA7A07E73}.Debug|x64.ActiveCfg = Debug|x64
		{C83BBFD6-AF22-4B68-98C5-4ACDA7A07E73}.Debug|x64.Build.0 = Debug|x64
		{C83BBFD6-AF22-4B68-98C5-4ACDA7A07E73}.Debug|x86.ActiveCfg = Debug|Win32
		{C83BBFD6-AF22-4B68-98C5-4ACDA7A07E73}.Debug|x86.Build.0 = Debug|Win32
		{C83BBFD6-AF22-4B68-98C5-4ACDA7A07E73}.Release|x64.ActiveCfg = Release|x64
		{C83BBFD6-AF22-4B68-98C5-4ACDA7A07E73}.Release|x64.Build.0 = Release|x64
		{C83BBFD6-AF22-4B68-98C5-4ACDA7A07E73}.Release|x86.ActiveCfg = Release|Win32
		{C83BBFD6-AF22-4B68-98C5-4ACDA7A07E73}.Release|x86.Build.0 = Release|Win32
		{38BEB8AF-5889-4D4A-B04B-673137A33FA2}.Debug|x64.ActiveCfg = Debug|x64
		{38BEB8AF-5889-4D4A-B04B-673137A33FA2}.Debug|x64.Build.0 = Debug|x64
		{38BEB8AF-5889-4D4A-B04B-673137A33FA2}.Debug|x86.ActiveCfg = Debug|Win32
		{38BEB8AF-5889-4D4A-B04B-673137A33FA2}.Debug|x86.Build.0 = Debug|Win32
		{38BEB8AF-5889-4D4A-B04B-673137A33FA2}.Release|x64.ActiveCfg = Release|x64
		{38BEB8AF-5889-4D4A-B04B-673137A33FA2}.Release|x64.Build.0 = Release|x64
		{38BEB8AF-5889-4D4A-B04B-673137A33FA2}.Release|x86.ActiveCfg = Release|Win32
		{38BEB8AF-5889-4D4A-B04B-673137A33FA2}.Release|x86.Build.0 = Release|Win32
	EndGlobalSection
	GlobalSection(SolutionProperties) = preSolution
		HideSolutionNode = FALSE
	EndGlobalSection
EndGlobal
